
Microsoft Visual Studio Solution File, Format Version 12.00
# Visual Studio Version 17
VisualStudioVersion = 17.14.36518.9 d17.14
MinimumVisualStudioVersion = 10.0.40219.1
Project("{FAE04EC0-301F-11D3-BF4B-00C04F79EFBC}") = "Projeto", "Projeto\Projeto.csproj", "{1AD98B21-F570-491D-9D10-509F4F5E089D}"
EndProject
Global
	GlobalSection(SolutionConfigurationPlatforms) = preSolution
		Debug|Any CPU = Debug|Any CPU
		Release|Any CPU = Release|Any CPU
	EndGlobalSection
	GlobalSection(ProjectConfigurationPlatforms) = postSolution
		{1AD98B21-F570-491D-9D10-509F4F5E089D}.Debug|Any CPU.ActiveCfg = Debug|Any CPU
		{1AD98B21-F570-491D-9D10-509F4F5E089D}.Debug|Any CPU.Build.0 = Debug|Any CPU
		{1AD98B21-F570-491D-9D10-509F4F5E089D}.Release|Any CPU.ActiveCfg = Release|Any CPU
		{1AD98B21-F570-491D-9D10-509F4F5E089D}.Release|Any CPU.Build.0 = Release|Any CPU
	EndGlobalSection
	GlobalSection(SolutionProperties) = preSolution
		HideSolutionNode = FALSE
	EndGlobalSection
	GlobalSection(ExtensibilityGlobals) = postSolution
		SolutionGuid = {D4D9ACED-78FE-4390-A4C9-505C739844AF}
	EndGlobalSection
EndGlobal
